
Microsoft Visual Studio Solution File, Format Version 12.00
# Visual Studio Version 16
VisualStudioVersion = 16.0.31410.357
MinimumVisualStudioVersion = 10.0.40219.1
Project("{FAE04EC0-301F-11D3-BF4B-00C04F79EFBC}") = "MVVM.Android", "MVVM\MVVM.Android\MVVM.Android.csproj", "{F569E62C-77F0-46B2-8B63-BCF3C1D32DE5}"
EndProject
Project("{FAE04EC0-301F-11D3-BF4B-00C04F79EFBC}") = "MVVM.iOS", "MVVM\MVVM.iOS\MVVM.iOS.csproj", "{A8115986-F9EF-4488-B8EF-61FCEF8A4757}"
EndProject
Project("{FAE04EC0-301F-11D3-BF4B-00C04F79EFBC}") = "MVVM", "MVVM\MVVM\MVVM.csproj", "{CD7561B3-33D1-4E97-83CB-DEE1D5D18FAA}"
EndProject
Global
	GlobalSection(SolutionConfigurationPlatforms) = preSolution
		Debug|Any CPU = Debug|Any CPU
		Debug|iPhone = Debug|iPhone
		Debug|iPhoneSimulator = Debug|iPhoneSimulator
		Release|Any CPU = Release|Any CPU
		Release|iPhone = Release|iPhone
		Release|iPhoneSimulator = Release|iPhoneSimulator
	EndGlobalSection
	GlobalSection(ProjectConfigurationPlatforms) = postSolution
		{F569E62C-77F0-46B2-8B63-BCF3C1D32DE5}.Debug|Any CPU.ActiveCfg = Debug|Any CPU
		{F569E62C-77F0-46B2-8B63-BCF3C1D32DE5}.Debug|Any CPU.Build.0 = Debug|Any CPU
		{F569E62C-77F0-46B2-8B63-BCF3C1D32DE5}.Debug|Any CPU.Deploy.0 = Debug|Any CPU
		{F569E62C-77F0-46B2-8B63-BCF3C1D32DE5}.Debug|iPhone.ActiveCfg = Debug|Any CPU
		{F569E62C-77F0-46B2-8B63-BCF3C1D32DE5}.Debug|iPhone.Build.0 = Debug|Any CPU
		{F569E62C-77F0-46B2-8B63-BCF3C1D32DE5}.Debug|iPhone.Deploy.0 = Debug|Any CPU
		{F569E62C-77F0-46B2-8B63-BCF3C1D32DE5}.Debug|iPhoneSimulator.ActiveCfg = Debug|Any CPU
		{F569E62C-77F0-46B2-8B63-BCF3C1D32DE5}.Debug|iPhoneSimulator.Build.0 = Debug|Any CPU
		{F569E62C-77F0-46B2-8B63-BCF3C1D32DE5}.Debug|iPhoneSimulator.Deploy.0 = Debug|Any CPU
		{F569E62C-77F0-46B2-8B63-BCF3C1D32DE5}.Release|Any CPU.ActiveCfg = Release|Any CPU
		{F569E62C-77F0-46B2-8B63-BCF3C1D32DE5}.Release|Any CPU.Build.0 = Release|Any CPU
		{F569E62C-77F0-46B2-8B63-BCF3C1D32DE5}.Release|Any CPU.Deploy.0 = Release|Any CPU
		{F569E62C-77F0-46B2-8B63-BCF3C1D32DE5}.Release|iPhone.ActiveCfg = Release|Any CPU
		{F569E62C-77F0-46B2-8B63-BCF3C1D32DE5}.Release|iPhone.Build.0 = Release|Any CPU
		{F569E62C-77F0-46B2-8B63-BCF3C1D32DE5}.Release|iPhone.Deploy.0 = Release|Any CPU
		{F569E62C-77F0-46B2-8B63-BCF3C1D32DE5}.Release|iPhoneSimulator.ActiveCfg = Release|Any CPU
		{F569E62C-77F0-46B2-8B63-BCF3C1D32DE5}.Release|iPhoneSimulator.Build.0 = Release|Any CPU
		{F569E62C-77F0-46B2-8B63-BCF3C1D32DE5}.Release|iPhoneSimulator.Deploy.0 = Release|Any CPU
		{A8115986-F9EF-4488-B8EF-61FCEF8A4757}.Debug|Any CPU.ActiveCfg = Debug|iPhone
		{A8115986-F9EF-4488-B8EF-61FCEF8A4757}.Debug|Any CPU.Build.0 = Debug|iPhone
		{A8115986-F9EF-4488-B8EF-61FCEF8A4757}.Debug|Any CPU.Deploy.0 = Debug|iPhone
		{A8115986-F9EF-4488-B8EF-61FCEF8A4757}.Debug|iPhone.ActiveCfg = Debug|iPhone
		{A8115986-F9EF-4488-B8EF-61FCEF8A4757}.Debug|iPhone.Build.0 = Debug|iPhone
		{A8115986-F9EF-4488-B8EF-61FCEF8A4757}.Debug|iPhone.Deploy.0 = Debug|iPhone
		{A8115986-F9EF-4488-B8EF-61FCEF8A4757}.Debug|iPhoneSimulator.ActiveCfg = Debug|iPhoneSimulator
		{A8115986-F9EF-4488-B8EF-61FCEF8A4757}.Debug|iPhoneSimulator.Build.0 = Debug|iPhoneSimulator
		{A8115986-F9EF-4488-B8EF-61FCEF8A4757}.Debug|iPhoneSimulator.Deploy.0 = Debug|iPhoneSimulator
		{A8115986-F9EF-4488-B8EF-61FCEF8A4757}.Release|Any CPU.ActiveCfg = Release|iPhoneSimulator
		{A8115986-F9EF-4488-B8EF-61FCEF8A4757}.Release|Any CPU.Build.0 = Release|iPhoneSimulator
		{A8115986-F9EF-4488-B8EF-61FCEF8A4757}.Release|Any CPU.Deploy.0 = Release|iPhoneSimulator
		{A8115986-F9EF-4488-B8EF-61FCEF8A4757}.Release|iPhone.ActiveCfg = Release|iPhone
		{A8115986-F9EF-4488-B8EF-61FCEF8A4757}.Release|iPhone.Build.0 = Release|iPhone
		{A8115986-F9EF-4488-B8EF-61FCEF8A4757}.Release|iPhone.Deploy.0 = Release|iPhone
		{A8115986-F9EF-4488-B8EF-61FCEF8A4757}.Release|iPhoneSimulator.ActiveCfg = Release|iPhoneSimulator
		{A8115986-F9EF-4488-B8EF-61FCEF8A4757}.Release|iPhoneSimulator.Build.0 = Release|iPhoneSimulator
		{A8115986-F9EF-4488-B8EF-61FCEF8A4757}.Release|iPhoneSimulator.Deploy.0 = Release|iPhoneSimulator
		{CD7561B3-33D1-4E97-83CB-DEE1D5D18FAA}.Debug|Any CPU.ActiveCfg = Debug|Any CPU
		{CD7561B3-33D1-4E97-83CB-DEE1D5D18FAA}.Debug|Any CPU.Build.0 = Debug|Any CPU
		{CD7561B3-33D1-4E97-83CB-DEE1D5D18FAA}.Debug|Any CPU.Deploy.0 = Debug|Any CPU
		{CD7561B3-33D1-4E97-83CB-DEE1D5D18FAA}.Debug|iPhone.ActiveCfg = Debug|Any CPU
		{CD7561B3-33D1-4E97-83CB-DEE1D5D18FAA}.Debug|iPhone.Build.0 = Debug|Any CPU
		{CD7561B3-33D1-4E97-83CB-DEE1D5D18FAA}.Debug|iPhone.Deploy.0 = Debug|Any CPU
		{CD7561B3-33D1-4E97-83CB-DEE1D5D18FAA}.Debug|iPhoneSimulator.ActiveCfg = Debug|Any CPU
		{CD7561B3-33D1-4E97-83CB-DEE1D5D18FAA}.Debug|iPhoneSimulator.Build.0 = Debug|Any CPU
		{CD7561B3-33D1-4E97-83CB-DEE1D5D18FAA}.Debug|iPhoneSimulator.Deploy.0 = Debug|Any CPU
		{CD7561B3-33D1-4E97-83CB-DEE1D5D18FAA}.Release|Any CPU.ActiveCfg = Release|Any CPU
		{CD7561B3-33D1-4E97-83CB-DEE1D5D18FAA}.Release|Any CPU.Build.0 = Release|Any CPU
		{CD7561B3-33D1-4E97-83CB-DEE1D5D18FAA}.Release|Any CPU.Deploy.0 = Release|Any CPU
		{CD7561B3-33D1-4E97-83CB-DEE1D5D18FAA}.Release|iPhone.ActiveCfg = Release|Any CPU
		{CD7561B3-33D1-4E97-83CB-DEE1D5D18FAA}.Release|iPhone.Build.0 = Release|Any CPU
		{CD7561B3-33D1-4E97-83CB-DEE1D5D18FAA}.Release|iPhone.Deploy.0 = Release|Any CPU
		{CD7561B3-33D1-4E97-83CB-DEE1D5D18FAA}.Release|iPhoneSimulator.ActiveCfg = Release|Any CPU
		{CD7561B3-33D1-4E97-83CB-DEE1D5D18FAA}.Release|iPhoneSimulator.Build.0 = Release|Any CPU
		{CD7561B3-33D1-4E97-83CB-DEE1D5D18FAA}.Release|iPhoneSimulator.Deploy.0 = Release|Any CPU
	EndGlobalSection
	GlobalSection(SolutionProperties) = preSolution
		HideSolutionNode = FALSE
	EndGlobalSection
	GlobalSection(ExtensibilityGlobals) = postSolution
		SolutionGuid = {C4CBA755-1BE7-4EFC-BAC3-126FF2850D8F}
	EndGlobalSection
EndGlobal
